
Microsoft Visual Studio Solution File, Format Version 12.00
# Visual Studio 15
VisualStudioVersion = 15.0.28307.1082
MinimumVisualStudioVersion = 10.0.40219.1
Project("{FAE04EC0-301F-11D3-BF4B-00C04F79EFBC}") = "LuckyHome", "LuckyHome\LuckyHome.csproj", "{EA7082E5-893B-4BA7-83B2-B473D0DBB5F9}"
EndProject
Project("{FAE04EC0-301F-11D3-BF4B-00C04F79EFBC}") = "LuckyHome.Common", "LuckyHome.Common\LuckyHome.Common.csproj", "{F3C20B78-CD32-415B-BE4B-A9B86471ADBC}"
EndProject
Project("{FAE04EC0-301F-11D3-BF4B-00C04F79EFBC}") = "Run.Me.Now", "Run.Me.Now\Run.Me.Now.csproj", "{9589017F-CC9E-4D65-9924-42BBA869C86A}"
EndProject
Global
	GlobalSection(SolutionConfigurationPlatforms) = preSolution
		Debug|Any CPU = Debug|Any CPU
		Release|Any CPU = Release|Any CPU
	EndGlobalSection
	GlobalSection(ProjectConfigurationPlatforms) = postSolution
		{EA7082E5-893B-4BA7-83B2-B473D0DBB5F9}.Debug|Any CPU.ActiveCfg = Debug|Any CPU
		{EA7082E5-893B-4BA7-83B2-B473D0DBB5F9}.Debug|Any CPU.Build.0 = Debug|Any CPU
		{EA7082E5-893B-4BA7-83B2-B473D0DBB5F9}.Release|Any CPU.ActiveCfg = Release|Any CPU
		{EA7082E5-893B-4BA7-83B2-B473D0DBB5F9}.Release|Any CPU.Build.0 = Release|Any CPU
		{F3C20B78-CD32-415B-BE4B-A9B86471ADBC}.Debug|Any CPU.ActiveCfg = Debug|Any CPU
		{F3C20B78-CD32-415B-BE4B-A9B86471ADBC}.Debug|Any CPU.Build.0 = Debug|Any CPU
		{F3C20B78-CD32-415B-BE4B-A9B86471ADBC}.Release|Any CPU.ActiveCfg = Release|Any CPU
		{F3C20B78-CD32-415B-BE4B-A9B86471ADBC}.Release|Any CPU.Build.0 = Release|Any CPU
		{9589017F-CC9E-4D65-9924-42BBA869C86A}.Debug|Any CPU.ActiveCfg = Debug|Any CPU
		{9589017F-CC9E-4D65-9924-42BBA869C86A}.Debug|Any CPU.Build.0 = Debug|Any CPU
		{9589017F-CC9E-4D65-9924-42BBA869C86A}.Release|Any CPU.ActiveCfg = Release|Any CPU
		{9589017F-CC9E-4D65-9924-42BBA869C86A}.Release|Any CPU.Build.0 = Release|Any CPU
	EndGlobalSection
	GlobalSection(SolutionProperties) = preSolution
		HideSolutionNode = FALSE
	EndGlobalSection
	GlobalSection(ExtensibilityGlobals) = postSolution
		SolutionGuid = {F3BFB0DC-A182-4832-A11F-C58A2AD363A1}
	EndGlobalSection
EndGlobal
