
Microsoft Visual Studio Solution File, Format Version 12.00
# Visual Studio 15
VisualStudioVersion = 15.0.28307.1082
MinimumVisualStudioVersion = 10.0.40219.1
Project("{FAE04EC0-301F-11D3-BF4B-00C04F79EFBC}") = "ConsoleApp1", "ConsoleApp1.csproj", "{8BD07E90-A765-4BD3-B9A0-4F3E5C5831A3}"
EndProject
Project("{FAE04EC0-301F-11D3-BF4B-00C04F79EFBC}") = "ConsoleApp2", "..\ConsoleApp2\ConsoleApp2.csproj", "{A0A29889-C31E-4F15-8100-E508423EA306}"
EndProject
Global
	GlobalSection(SolutionConfigurationPlatforms) = preSolution
		Debug|Any CPU = Debug|Any CPU
		Release|Any CPU = Release|Any CPU
	EndGlobalSection
	GlobalSection(ProjectConfigurationPlatforms) = postSolution
		{8BD07E90-A765-4BD3-B9A0-4F3E5C5831A3}.Debug|Any CPU.ActiveCfg = Debug|Any CPU
		{8BD07E90-A765-4BD3-B9A0-4F3E5C5831A3}.Debug|Any CPU.Build.0 = Debug|Any CPU
		{8BD07E90-A765-4BD3-B9A0-4F3E5C5831A3}.Release|Any CPU.ActiveCfg = Release|Any CPU
		{8BD07E90-A765-4BD3-B9A0-4F3E5C5831A3}.Release|Any CPU.Build.0 = Release|Any CPU
		{A0A29889-C31E-4F15-8100-E508423EA306}.Debug|Any CPU.ActiveCfg = Debug|Any CPU
		{A0A29889-C31E-4F15-8100-E508423EA306}.Debug|Any CPU.Build.0 = Debug|Any CPU
		{A0A29889-C31E-4F15-8100-E508423EA306}.Release|Any CPU.ActiveCfg = Release|Any CPU
		{A0A29889-C31E-4F15-8100-E508423EA306}.Release|Any CPU.Build.0 = Release|Any CPU
	EndGlobalSection
	GlobalSection(SolutionProperties) = preSolution
		HideSolutionNode = FALSE
	EndGlobalSection
	GlobalSection(ExtensibilityGlobals) = postSolution
		SolutionGuid = {C788AD94-1CDE-4708-AD26-8652E60D9E53}
	EndGlobalSection
EndGlobal
